
Microsoft Visual Studio Solution File, Format Version 12.00
# Visual Studio 15
VisualStudioVersion = 15.0.28010.2026
MinimumVisualStudioVersion = 10.0.40219.1
Project("{FAE04EC0-301F-11D3-BF4B-00C04F79EFBC}") = "WinUI", "WinUI\WinUI.csproj", "{CFD8D83D-02E3-4617-B879-ACAC9E3C393C}"
EndProject
Project("{9A19103F-16F7-4668-BE54-9A1E7A4F7556}") = "Benchmark", "Benchmark\Benchmark.csproj", "{703208B1-FEBE-4D90-AAC4-8275B4255417}"
EndProject
Global
	GlobalSection(SolutionConfigurationPlatforms) = preSolution
		Debug|Any CPU = Debug|Any CPU
		Release|Any CPU = Release|Any CPU
	EndGlobalSection
	GlobalSection(ProjectConfigurationPlatforms) = postSolution
		{CFD8D83D-02E3-4617-B879-ACAC9E3C393C}.Debug|Any CPU.ActiveCfg = Debug|Any CPU
		{CFD8D83D-02E3-4617-B879-ACAC9E3C393C}.Debug|Any CPU.Build.0 = Debug|Any CPU
		{CFD8D83D-02E3-4617-B879-ACAC9E3C393C}.Release|Any CPU.ActiveCfg = Release|Any CPU
		{CFD8D83D-02E3-4617-B879-ACAC9E3C393C}.Release|Any CPU.Build.0 = Release|Any CPU
		{703208B1-FEBE-4D90-AAC4-8275B4255417}.Debug|Any CPU.ActiveCfg = Debug|Any CPU
		{703208B1-FEBE-4D90-AAC4-8275B4255417}.Debug|Any CPU.Build.0 = Debug|Any CPU
		{703208B1-FEBE-4D90-AAC4-8275B4255417}.Release|Any CPU.ActiveCfg = Release|Any CPU
		{703208B1-FEBE-4D90-AAC4-8275B4255417}.Release|Any CPU.Build.0 = Release|Any CPU
	EndGlobalSection
	GlobalSection(SolutionProperties) = preSolution
		HideSolutionNode = FALSE
	EndGlobalSection
	GlobalSection(ExtensibilityGlobals) = postSolution
		SolutionGuid = {89913F4B-DB08-4C40-B89E-1D2C0019FB1F}
	EndGlobalSection
EndGlobal
